
Microsoft Visual Studio Solution File, Format Version 12.00
# Visual Studio Version 16
VisualStudioVersion = 16.0.30517.126
MinimumVisualStudioVersion = 10.0.40219.1
Project("{FAE04EC0-301F-11D3-BF4B-00C04F79EFBC}") = "WpfApp_ADO_NET_CodeFirst", "WpfApp_ADO_NET_CodeFirst\WpfApp_ADO_NET_CodeFirst.csproj", "{C83A4A22-FC56-47B9-9041-5FC3E2C01A91}"
EndProject
Project("{FAE04EC0-301F-11D3-BF4B-00C04F79EFBC}") = "WpfApp_ADO_NET_DatabaseFirst", "WpfApp_ADO_NET_DatabaseFirst\WpfApp_ADO_NET_DatabaseFirst.csproj", "{B1F6D419-83AB-441E-91BA-B4E85F9FE8E6}"
EndProject
Project("{FAE04EC0-301F-11D3-BF4B-00C04F79EFBC}") = "WpfApp_ADO_NET_LinqToSQL", "WpfApp_ADO_NET_LinqToSQL\WpfApp_ADO_NET_LinqToSQL.csproj", "{B7FF36A0-9942-4D6F-A82C-608E17F1AB7D}"
EndProject
Project("{FAE04EC0-301F-11D3-BF4B-00C04F79EFBC}") = "WpfApp_ADO_NET_SQLDataReader", "WpfApp_ADO_NET_SQLDataReader\WpfApp_ADO_NET_SQLDataReader.csproj", "{29878502-7654-4D0D-83E9-551CFFC3A13B}"
EndProject
Global
	GlobalSection(SolutionConfigurationPlatforms) = preSolution
		Debug|Any CPU = Debug|Any CPU
		Release|Any CPU = Release|Any CPU
	EndGlobalSection
	GlobalSection(ProjectConfigurationPlatforms) = postSolution
		{C83A4A22-FC56-47B9-9041-5FC3E2C01A91}.Debug|Any CPU.ActiveCfg = Debug|Any CPU
		{C83A4A22-FC56-47B9-9041-5FC3E2C01A91}.Debug|Any CPU.Build.0 = Debug|Any CPU
		{C83A4A22-FC56-47B9-9041-5FC3E2C01A91}.Release|Any CPU.ActiveCfg = Release|Any CPU
		{C83A4A22-FC56-47B9-9041-5FC3E2C01A91}.Release|Any CPU.Build.0 = Release|Any CPU
		{B1F6D419-83AB-441E-91BA-B4E85F9FE8E6}.Debug|Any CPU.ActiveCfg = Debug|Any CPU
		{B1F6D419-83AB-441E-91BA-B4E85F9FE8E6}.Debug|Any CPU.Build.0 = Debug|Any CPU
		{B1F6D419-83AB-441E-91BA-B4E85F9FE8E6}.Release|Any CPU.ActiveCfg = Release|Any CPU
		{B1F6D419-83AB-441E-91BA-B4E85F9FE8E6}.Release|Any CPU.Build.0 = Release|Any CPU
		{B7FF36A0-9942-4D6F-A82C-608E17F1AB7D}.Debug|Any CPU.ActiveCfg = Debug|Any CPU
		{B7FF36A0-9942-4D6F-A82C-608E17F1AB7D}.Debug|Any CPU.Build.0 = Debug|Any CPU
		{B7FF36A0-9942-4D6F-A82C-608E17F1AB7D}.Release|Any CPU.ActiveCfg = Release|Any CPU
		{B7FF36A0-9942-4D6F-A82C-608E17F1AB7D}.Release|Any CPU.Build.0 = Release|Any CPU
		{29878502-7654-4D0D-83E9-551CFFC3A13B}.Debug|Any CPU.ActiveCfg = Debug|Any CPU
		{29878502-7654-4D0D-83E9-551CFFC3A13B}.Debug|Any CPU.Build.0 = Debug|Any CPU
		{29878502-7654-4D0D-83E9-551CFFC3A13B}.Release|Any CPU.ActiveCfg = Release|Any CPU
		{29878502-7654-4D0D-83E9-551CFFC3A13B}.Release|Any CPU.Build.0 = Release|Any CPU
	EndGlobalSection
	GlobalSection(SolutionProperties) = preSolution
		HideSolutionNode = FALSE
	EndGlobalSection
	GlobalSection(ExtensibilityGlobals) = postSolution
		SolutionGuid = {156579AC-FACA-4751-A74A-9610ABB7B742}
	EndGlobalSection
EndGlobal
